
Microsoft Visual Studio Solution File, Format Version 12.00
# Visual Studio Version 17
VisualStudioVersion = 17.8.34408.163
MinimumVisualStudioVersion = 10.0.40219.1
Project("{FAE04EC0-301F-11D3-BF4B-00C04F79EFBC}") = "FoodItem", "FoodItem\FoodItem.csproj", "{987B0942-E2FF-420C-A71C-65BDDBE5B691}"
EndProject
Global
	GlobalSection(SolutionConfigurationPlatforms) = preSolution
		Debug|Any CPU = Debug|Any CPU
		Release|Any CPU = Release|Any CPU
	EndGlobalSection
	GlobalSection(ProjectConfigurationPlatforms) = postSolution
		{987B0942-E2FF-420C-A71C-65BDDBE5B691}.Debug|Any CPU.ActiveCfg = Debug|Any CPU
		{987B0942-E2FF-420C-A71C-65BDDBE5B691}.Debug|Any CPU.Build.0 = Debug|Any CPU
		{987B0942-E2FF-420C-A71C-65BDDBE5B691}.Release|Any CPU.ActiveCfg = Release|Any CPU
		{987B0942-E2FF-420C-A71C-65BDDBE5B691}.Release|Any CPU.Build.0 = Release|Any CPU
	EndGlobalSection
	GlobalSection(SolutionProperties) = preSolution
		HideSolutionNode = FALSE
	EndGlobalSection
	GlobalSection(ExtensibilityGlobals) = postSolution
		SolutionGuid = {8451D245-2C6B-4880-BABE-A93A9CC09E85}
	EndGlobalSection
EndGlobal
